
Microsoft Visual Studio Solution File, Format Version 12.00
# Visual Studio Version 17
VisualStudioVersion = 17.5.33424.131
MinimumVisualStudioVersion = 10.0.40219.1
Project("{FAE04EC0-301F-11D3-BF4B-00C04F79EFBC}") = "ATBM_Seminar", "ATBM_Seminar\ATBM_Seminar.csproj", "{EA73034C-5A7C-464E-A263-110ADC5242A8}"
EndProject
Project("{54435603-DBB4-11D2-8724-00A0C9A8B90C}") = "20H3T-22-PH1", "20H3T-22-PH1\20H3T-22-PH1.vdproj", "{F2226ED1-7589-4679-A75D-B172446D6AA4}"
EndProject
Project("{54435603-DBB4-11D2-8724-00A0C9A8B90C}") = "Setup1", "Setup1\Setup1.vdproj", "{918EF550-1789-4796-A661-B459798F292C}"
EndProject
Global
	GlobalSection(SolutionConfigurationPlatforms) = preSolution
		Debug|Any CPU = Debug|Any CPU
		Release|Any CPU = Release|Any CPU
	EndGlobalSection
	GlobalSection(ProjectConfigurationPlatforms) = postSolution
		{EA73034C-5A7C-464E-A263-110ADC5242A8}.Debug|Any CPU.ActiveCfg = Debug|Any CPU
		{EA73034C-5A7C-464E-A263-110ADC5242A8}.Debug|Any CPU.Build.0 = Debug|Any CPU
		{EA73034C-5A7C-464E-A263-110ADC5242A8}.Release|Any CPU.ActiveCfg = Release|Any CPU
		{EA73034C-5A7C-464E-A263-110ADC5242A8}.Release|Any CPU.Build.0 = Release|Any CPU
		{F2226ED1-7589-4679-A75D-B172446D6AA4}.Debug|Any CPU.ActiveCfg = Debug
		{F2226ED1-7589-4679-A75D-B172446D6AA4}.Release|Any CPU.ActiveCfg = Release
		{918EF550-1789-4796-A661-B459798F292C}.Debug|Any CPU.ActiveCfg = Debug
		{918EF550-1789-4796-A661-B459798F292C}.Release|Any CPU.ActiveCfg = Release
	EndGlobalSection
	GlobalSection(SolutionProperties) = preSolution
		HideSolutionNode = FALSE
	EndGlobalSection
	GlobalSection(ExtensibilityGlobals) = postSolution
		SolutionGuid = {14572652-1BF8-404A-878B-E9E044C31BF8}
	EndGlobalSection
EndGlobal
